{
  "name": "tinyusdz",
  "version": "1.0.0-rc2",
  "lockfileVersion": 3,
  "requires": true,
  "packages": {
    "": {
      "name": "tinyusdz",
      "version": "1.0.0-rc2",
      "license": "Apache-2.0 OR MIT",
      "dependencies": {
        "three": ">=0.178.0"
      },
      "engines": {
        "node": ">=24"
      },
      "funding": {
        "type": "github",
        "url": "https://github.com/sponsors/lighttransport"
      }
    },
    "node_modules/three": {
      "version": "0.185.1",
      "resolved": "https://registry.npmjs.org/three/-/three-0.185.1.tgz",
      "integrity": "sha512-5aojFCXKwnjBRZvUnt3WFfEcvUJgkN5LlijRFN95hMy8WVkG4I0QNcJE+OuWvuJ0bOdStrbfXn0pkd6/QyiAlg==",
      "license": "MIT"
    }
  }
}
