{
  "name": "tinyusdz",
  "version": "0.9.9",
  "lockfileVersion": 3,
  "requires": true,
  "packages": {
    "": {
      "name": "tinyusdz",
      "version": "0.9.9",
      "license": "Apache 2.0 and MIT",
      "dependencies": {
        "three": ">=0.177.0"
      },
      "funding": {
        "type": "github",
        "url": "https://github.com/sponsors/lighttransport"
      }
    },
    "node_modules/three": {
      "version": "0.177.0",
      "resolved": "https://registry.npmjs.org/three/-/three-0.177.0.tgz",
      "integrity": "sha512-EiXv5/qWAaGI+Vz2A+JfavwYCMdGjxVsrn3oBwllUoqYeaBO75J63ZfyaQKoiLrqNHoTlUc6PFgMXnS0kI45zg=="
    }
  }
}
